Microsoft Visual Studio Solution File, Format Version 12.00
# Visual Studio Version 17
VisualStudioVersion = 17.5.2.0
MinimumVisualStudioVersion = 10.0.40219.1
Project("{2150E333-8FDC-42A3-9474-1A3956D46DE8}") = "ConsumerEnpoints", "ConsumerEnpoints", "{A5244A80-E5FD-3215-E374-9FD45147D0DA}"
EndProject
Project("{2150E333-8FDC-42A3-9474-1A3956D46DE8}") = "ConsumerEnpointsTest", "ConsumerEnpointsTest", "{AD8568FA-4283-18FD-0BB2-61BE8280DE94}"
EndProject
Project("{2150E333-8FDC-42A3-9474-1A3956D46DE8}") = "Consumer.InfrsStructure", "Consumer.InfrsStructure", "{5491605F-3A14-E2E2-B524-A5F0DDEC7C0F}"
EndProject
Project("{2150E333-8FDC-42A3-9474-1A3956D46DE8}") = "Consumer.Core", "Consumer.Core", "{26B2DD20-EE4C-D668-1CB5-D1EBFAE2C371}"
EndProject
Project("{FAE04EC0-301F-11D3-BF4B-00C04F79EFBC}") = "Customer.API", "ConsumerEnpoints\Customer.API.csproj", "{DD8E4238-50D2-FC72-0385-02C5CD6DBCCC}"
EndProject
Project("{FAE04EC0-301F-11D3-BF4B-00C04F79EFBC}") = "Customer.UnitTests", "ConsumerEnpointsTest\Customer.UnitTests.csproj", "{294E13AE-4F33-7296-A036-EA99E61700F3}"
EndProject
Project("{FAE04EC0-301F-11D3-BF4B-00C04F79EFBC}") = "Customer.Infrastructure", "Consumer.InfrsStructure\Customer.Infrastructure.csproj", "{3496D2C3-96D2-C70D-7882-22F7850952C0}"
EndProject
Project("{FAE04EC0-301F-11D3-BF4B-00C04F79EFBC}") = "Customer.Core", "Consumer.Core\Customer.Core.csproj", "{01AB0FC0-5E53-E89B-9E73-2608963946B6}"
EndProject
Global
	GlobalSection(SolutionConfigurationPlatforms) = preSolution
		Debug|Any CPU = Debug|Any CPU
		Release|Any CPU = Release|Any CPU
	EndGlobalSection
	GlobalSection(ProjectConfigurationPlatforms) = postSolution
		{DD8E4238-50D2-FC72-0385-02C5CD6DBCCC}.Debug|Any CPU.ActiveCfg = Debug|Any CPU
		{DD8E4238-50D2-FC72-0385-02C5CD6DBCCC}.Debug|Any CPU.Build.0 = Debug|Any CPU
		{DD8E4238-50D2-FC72-0385-02C5CD6DBCCC}.Release|Any CPU.ActiveCfg = Release|Any CPU
		{DD8E4238-50D2-FC72-0385-02C5CD6DBCCC}.Release|Any CPU.Build.0 = Release|Any CPU
		{294E13AE-4F33-7296-A036-EA99E61700F3}.Debug|Any CPU.ActiveCfg = Debug|Any CPU
		{294E13AE-4F33-7296-A036-EA99E61700F3}.Debug|Any CPU.Build.0 = Debug|Any CPU
		{294E13AE-4F33-7296-A036-EA99E61700F3}.Release|Any CPU.ActiveCfg = Release|Any CPU
		{294E13AE-4F33-7296-A036-EA99E61700F3}.Release|Any CPU.Build.0 = Release|Any CPU
		{3496D2C3-96D2-C70D-7882-22F7850952C0}.Debug|Any CPU.ActiveCfg = Debug|Any CPU
		{3496D2C3-96D2-C70D-7882-22F7850952C0}.Debug|Any CPU.Build.0 = Debug|Any CPU
		{3496D2C3-96D2-C70D-7882-22F7850952C0}.Release|Any CPU.ActiveCfg = Release|Any CPU
		{3496D2C3-96D2-C70D-7882-22F7850952C0}.Release|Any CPU.Build.0 = Release|Any CPU
		{01AB0FC0-5E53-E89B-9E73-2608963946B6}.Debug|Any CPU.ActiveCfg = Debug|Any CPU
		{01AB0FC0-5E53-E89B-9E73-2608963946B6}.Debug|Any CPU.Build.0 = Debug|Any CPU
		{01AB0FC0-5E53-E89B-9E73-2608963946B6}.Release|Any CPU.ActiveCfg = Release|Any CPU
		{01AB0FC0-5E53-E89B-9E73-2608963946B6}.Release|Any CPU.Build.0 = Release|Any CPU
	EndGlobalSection
	GlobalSection(SolutionProperties) = preSolution
		HideSolutionNode = FALSE
	EndGlobalSection
	GlobalSection(NestedProjects) = preSolution
		{DD8E4238-50D2-FC72-0385-02C5CD6DBCCC} = {A5244A80-E5FD-3215-E374-9FD45147D0DA}
		{294E13AE-4F33-7296-A036-EA99E61700F3} = {AD8568FA-4283-18FD-0BB2-61BE8280DE94}
		{3496D2C3-96D2-C70D-7882-22F7850952C0} = {5491605F-3A14-E2E2-B524-A5F0DDEC7C0F}
		{01AB0FC0-5E53-E89B-9E73-2608963946B6} = {26B2DD20-EE4C-D668-1CB5-D1EBFAE2C371}
	EndGlobalSection
	GlobalSection(ExtensibilityGlobals) = postSolution
		SolutionGuid = {975DCC95-9ECE-4B5B-B39A-B989DE92DDC1}
	EndGlobalSection
EndGlobal
